
Microsoft Visual Studio Solution File, Format Version 12.00
# Visual Studio Version 16
VisualStudioVersion = 16.0.31005.135
MinimumVisualStudioVersion = 10.0.40219.1
Project("{FAE04EC0-301F-11D3-BF4B-00C04F79EFBC}") = "HUS_new", "HUS_new.csproj", "{A7FF141E-7332-4161-AB7B-5D7BE4D30432}"
EndProject
Global
	GlobalSection(SolutionConfigurationPlatforms) = preSolution
		Debug|Any CPU = Debug|Any CPU
		Release|Any CPU = Release|Any CPU
	EndGlobalSection
	GlobalSection(ProjectConfigurationPlatforms) = postSolution
		{A7FF141E-7332-4161-AB7B-5D7BE4D30432}.Debug|Any CPU.ActiveCfg = Debug|Any CPU
		{A7FF141E-7332-4161-AB7B-5D7BE4D30432}.Debug|Any CPU.Build.0 = Debug|Any CPU
		{A7FF141E-7332-4161-AB7B-5D7BE4D30432}.Release|Any CPU.ActiveCfg = Release|Any CPU
		{A7FF141E-7332-4161-AB7B-5D7BE4D30432}.Release|Any CPU.Build.0 = Release|Any CPU
	EndGlobalSection
	GlobalSection(SolutionProperties) = preSolution
		HideSolutionNode = FALSE
	EndGlobalSection
	GlobalSection(ExtensibilityGlobals) = postSolution
		SolutionGuid = {C12418EA-CB41-4ED4-B112-86D4581340C1}
	EndGlobalSection
EndGlobal
